PODS:
  - LyftSDK (1.0.2):
    - LyftSDK/Core (= 1.0.2)
  - LyftSDK/Core (1.0.2)
  - OHHTTPStubs (5.2.1):
    - OHHTTPStubs/Default (= 5.2.1)
  - OHHTTPStubs/Core (5.2.1)
  - OHHTTPStubs/Default (5.2.1):
    - OHHTTPStubs/Core
    - OHHTTPStubs/JSON
    - OHHTTPStubs/NSURLSession
    - OHHTTPStubs/OHPathHelpers
  - OHHTTPStubs/JSON (5.2.1):
    - OHHTTPStubs/Core
  - OHHTTPStubs/NSURLSession (5.2.1):
    - OHHTTPStubs/Core
  - OHHTTPStubs/OHPathHelpers (5.2.1)

DEPENDENCIES:
  - LyftSDK (from `../`)
  - OHHTTPStubs

EXTERNAL SOURCES:
  LyftSDK:
    :path: ../

SPEC CHECKSUMS:
  LyftSDK: 2dbb4a96fdbf26b6bdd2b14fd4f41509bf472942
  OHHTTPStubs: 3a42f25c00563b71355ac73112ba2324e9e6cef4

PODFILE CHECKSUM: 9ba4e26754fb7c0714263aaa9a831f1d0eeaa91e

COCOAPODS: 1.1.0.rc.3
