// !$*UTF8*$!
{
	archiveVersion = 1;
	classes = {
	};
	objectVersion = 46;
	objects = {

/* Begin PBXBuildFile section */
		6FFF30BC27E33F50C9294014 /* Pods_LyftSDK_Tests.framework in Frameworks */ = {isa = PBXBuildFile; fileRef = 0CAC43846D5CAFBF3F93FA6B /* Pods_LyftSDK_Tests.framework */; };
		E4639DBB99F5DB2D7C843E10 /* Pods_LyftSDK_Example.framework in Frameworks */ = {isa = PBXBuildFile; fileRef = 3D4620C8F7F8A7EF23A8881C /* Pods_LyftSDK_Example.framework */; };
		FB12B5411DAEFE97000439B6 /* HTTPClientTests.swift in Sources */ = {isa = PBXBuildFile; fileRef = FB12B53F1DAEFE93000439B6 /* HTTPClientTests.swift */; };
		FB1D77271DB580AC00396A50 /* LyftAPITests.swift in Sources */ = {isa = PBXBuildFile; fileRef = FB1D77261DB580AC00396A50 /* LyftAPITests.swift */; };
		FB1D773B1DB5B33500396A50 /* Cost.response in Resources */ = {isa = PBXBuildFile; fileRef = FB1D77351DB5B33500396A50 /* Cost.response */; };
		FB1D773C1DB5B33500396A50 /* CostSingleLocation.response in Resources */ = {isa = PBXBuildFile; fileRef = FB1D77361DB5B33500396A50 /* CostSingleLocation.response */; };
		FB1D773D1DB5B33500396A50 /* Error.response in Resources */ = {isa = PBXBuildFile; fileRef = FB1D77371DB5B33500396A50 /* Error.response */; };
		FB1D773E1DB5B33500396A50 /* ETA.response in Resources */ = {isa = PBXBuildFile; fileRef = FB1D77381DB5B33500396A50 /* ETA.response */; };
		FB1D773F1DB5B33500396A50 /* NearbyDrivers.response in Resources */ = {isa = PBXBuildFile; fileRef = FB1D77391DB5B33500396A50 /* NearbyDrivers.response */; };
		FB1D77401DB5B33500396A50 /* RideType.response in Resources */ = {isa = PBXBuildFile; fileRef = FB1D773A1DB5B33500396A50 /* RideType.response */; };
		FB63EABA1DB032A600D7EE7E /* MoneyTests.swift in Sources */ = {isa = PBXBuildFile; fileRef = FB63EAB61DB031B000D7EE7E /* MoneyTests.swift */; };
		FB63EABB1DB032AA00D7EE7E /* MoneyUITests.swift in Sources */ = {isa = PBXBuildFile; fileRef = FB63EAB81DB032A000D7EE7E /* MoneyUITests.swift */; };
		FBCEE36F1DC01DFA00F68C08 /* AppDelegate.swift in Sources */ = {isa = PBXBuildFile; fileRef = FBCEE36A1DC01DFA00F68C08 /* AppDelegate.swift */; };
		FBCEE3701DC01DFA00F68C08 /* ViewController.swift in Sources */ = {isa = PBXBuildFile; fileRef = FBCEE36B1DC01DFA00F68C08 /* ViewController.swift */; };
		FBCEE3711DC01DFA00F68C08 /* RideTypesViewController.swift in Sources */ = {isa = PBXBuildFile; fileRef = FBCEE36C1DC01DFA00F68C08 /* RideTypesViewController.swift */; };
		FBCEE3721DC01DFA00F68C08 /* Images.xcassets in Resources */ = {isa = PBXBuildFile; fileRef = FBCEE36D1DC01DFA00F68C08 /* Images.xcassets */; };
		FBCEE3771DC01E4300F68C08 /* Main.storyboard in Resources */ = {isa = PBXBuildFile; fileRef = FBCEE3731DC01E4300F68C08 /* Main.storyboard */; };
		FBCEE3781DC01E4300F68C08 /* LaunchScreen.xib in Resources */ = {isa = PBXBuildFile; fileRef = FBCEE3751DC01E4300F68C08 /* LaunchScreen.xib */; };
/* End PBXBuildFile section */

/* Begin PBXContainerItemProxy section */
		607FACE61AFB9204008FA782 /* PBXContainerItemProxy */ = {
			isa = PBXContainerItemProxy;
			containerPortal = 607FACC81AFB9204008FA782 /* Project object */;
			proxyType = 1;
			remoteGlobalIDString = 607FACCF1AFB9204008FA782;
			remoteInfo = LyftSDK;
		};
/* End PBXContainerItemProxy section */

/* Begin PBXFileReference section */
		0CAC43846D5CAFBF3F93FA6B /* Pods_LyftSDK_Tests.framework */ = {isa = PBXFileReference; explicitFileType = wrapper.framework; includeInIndex = 0; path = Pods_LyftSDK_Tests.framework; sourceTree = BUILT_PRODUCTS_DIR; };
		2263ADA8BDB8631622F627A7 /* Pods-LyftSDK_Example.debug.xcconfig */ = {isa = PBXFileReference; includeInIndex = 1; lastKnownFileType = text.xcconfig; name = "Pods-LyftSDK_Example.debug.xcconfig"; path = "Pods/Target Support Files/Pods-LyftSDK_Example/Pods-LyftSDK_Example.debug.xcconfig"; sourceTree = "<group>"; };
		377CA6AD0C5A719CFF7CB527 /* README.md */ = {isa = PBXFileReference; includeInIndex = 1; lastKnownFileType = net.daringfireball.markdown; name = README.md; path = ../README.md; sourceTree = "<group>"; };
		3D4620C8F7F8A7EF23A8881C /* Pods_LyftSDK_Example.framework */ = {isa = PBXFileReference; explicitFileType = wrapper.framework; includeInIndex = 0; path = Pods_LyftSDK_Example.framework; sourceTree = BUILT_PRODUCTS_DIR; };
		5A57DCDABAE4337E290B7376 /* Pods-LyftSDK_Tests.debug.xcconfig */ = {isa = PBXFileReference; includeInIndex = 1; lastKnownFileType = text.xcconfig; name = "Pods-LyftSDK_Tests.debug.xcconfig"; path = "Pods/Target Support Files/Pods-LyftSDK_Tests/Pods-LyftSDK_Tests.debug.xcconfig"; sourceTree = "<group>"; };
		607FACD01AFB9204008FA782 /* LyftSDK_Example.app */ = {isa = PBXFileReference; explicitFileType = wrapper.application; includeInIndex = 0; path = LyftSDK_Example.app; sourceTree = BUILT_PRODUCTS_DIR; };
		607FACE51AFB9204008FA782 /* LyftSDK_Tests.xctest */ = {isa = PBXFileReference; explicitFileType = wrapper.cfbundle; includeInIndex = 0; path = LyftSDK_Tests.xctest; sourceTree = BUILT_PRODUCTS_DIR; };
		607FACEA1AFB9204008FA782 /* Info.plist */ = {isa = PBXFileReference; lastKnownFileType = text.plist.xml; path = Info.plist; sourceTree = "<group>"; };
		6829CC196E8C2CA1537DE07F /* Pods-LyftSDK_Example.release.xcconfig */ = {isa = PBXFileReference; includeInIndex = 1; lastKnownFileType = text.xcconfig; name = "Pods-LyftSDK_Example.release.xcconfig"; path = "Pods/Target Support Files/Pods-LyftSDK_Example/Pods-LyftSDK_Example.release.xcconfig"; sourceTree = "<group>"; };
		73AAA64BF20BAB5752EABEFA /* LyftSDK.podspec */ = {isa = PBXFileReference; includeInIndex = 1; lastKnownFileType = text; name = LyftSDK.podspec; path = ../LyftSDK.podspec; sourceTree = "<group>"; };
		784B9C8BF62374FDD0EB3ACD /* Pods-LyftSDK_Tests.release.xcconfig */ = {isa = PBXFileReference; includeInIndex = 1; lastKnownFileType = text.xcconfig; name = "Pods-LyftSDK_Tests.release.xcconfig"; path = "Pods/Target Support Files/Pods-LyftSDK_Tests/Pods-LyftSDK_Tests.release.xcconfig"; sourceTree = "<group>"; };
		C9835B79E5CF0656ECEEC15A /* LICENSE */ = {isa = PBXFileReference; includeInIndex = 1; lastKnownFileType = text; name = LICENSE; path = ../LICENSE; sourceTree = "<group>"; };
		FB12B53F1DAEFE93000439B6 /* HTTPClientTests.swift */ = {isa = PBXFileReference; fileEncoding = 4; lastKnownFileType = sourcecode.swift; path = HTTPClientTests.swift; sourceTree = "<group>"; };
		FB1D77261DB580AC00396A50 /* LyftAPITests.swift */ = {isa = PBXFileReference; fileEncoding = 4; lastKnownFileType = sourcecode.swift; path = LyftAPITests.swift; sourceTree = "<group>"; };
		FB1D77351DB5B33500396A50 /* Cost.response */ = {isa = PBXFileReference; fileEncoding = 4; lastKnownFileType = text; path = Cost.response; sourceTree = "<group>"; };
		FB1D77361DB5B33500396A50 /* CostSingleLocation.response */ = {isa = PBXFileReference; fileEncoding = 4; lastKnownFileType = text; path = CostSingleLocation.response; sourceTree = "<group>"; };
		FB1D77371DB5B33500396A50 /* Error.response */ = {isa = PBXFileReference; fileEncoding = 4; lastKnownFileType = text; path = Error.response; sourceTree = "<group>"; };
		FB1D77381DB5B33500396A50 /* ETA.response */ = {isa = PBXFileReference; fileEncoding = 4; lastKnownFileType = text; path = ETA.response; sourceTree = "<group>"; };
		FB1D77391DB5B33500396A50 /* NearbyDrivers.response */ = {isa = PBXFileReference; fileEncoding = 4; lastKnownFileType = text; path = NearbyDrivers.response; sourceTree = "<group>"; };
		FB1D773A1DB5B33500396A50 /* RideType.response */ = {isa = PBXFileReference; fileEncoding = 4; lastKnownFileType = text; path = RideType.response; sourceTree = "<group>"; };
		FB63EAB61DB031B000D7EE7E /* MoneyTests.swift */ = {isa = PBXFileReference; fileEncoding = 4; lastKnownFileType = sourcecode.swift; path = MoneyTests.swift; sourceTree = "<group>"; };
		FB63EAB81DB032A000D7EE7E /* MoneyUITests.swift */ = {isa = PBXFileReference; fileEncoding = 4; lastKnownFileType = sourcecode.swift; path = MoneyUITests.swift; sourceTree = "<group>"; };
		FBCEE3691DC01DFA00F68C08 /* Info.plist */ = {isa = PBXFileReference; fileEncoding = 4; lastKnownFileType = text.plist.xml; name = Info.plist; path = "LyftSDK-Example/Info.plist"; sourceTree = SOURCE_ROOT; };
		FBCEE36A1DC01DFA00F68C08 /* AppDelegate.swift */ = {isa = PBXFileReference; fileEncoding = 4; lastKnownFileType = sourcecode.swift; name = AppDelegate.swift; path = "LyftSDK-Example/AppDelegate.swift"; sourceTree = SOURCE_ROOT; };
		FBCEE36B1DC01DFA00F68C08 /* ViewController.swift */ = {isa = PBXFileReference; fileEncoding = 4; lastKnownFileType = sourcecode.swift; name = ViewController.swift; path = "LyftSDK-Example/ViewController.swift"; sourceTree = SOURCE_ROOT; };
		FBCEE36C1DC01DFA00F68C08 /* RideTypesViewController.swift */ = {isa = PBXFileReference; fileEncoding = 4; lastKnownFileType = sourcecode.swift; name = RideTypesViewController.swift; path = "LyftSDK-Example/RideTypesViewController.swift"; sourceTree = SOURCE_ROOT; };
		FBCEE36D1DC01DFA00F68C08 /* Images.xcassets */ = {isa = PBXFileReference; lastKnownFileType = folder.assetcatalog; name = Images.xcassets; path = "LyftSDK-Example/Images.xcassets"; sourceTree = SOURCE_ROOT; };
		FBCEE3741DC01E4300F68C08 /* Base */ = {isa = PBXFileReference; lastKnownFileType = file.storyboard; name = Base; path = "LyftSDK-Example/Base.lproj/Main.storyboard"; sourceTree = SOURCE_ROOT; };
		FBCEE3761DC01E4300F68C08 /* Base */ = {isa = PBXFileReference; lastKnownFileType = file.xib; name = Base; path = "LyftSDK-Example/Base.lproj/LaunchScreen.xib"; sourceTree = SOURCE_ROOT; };
/* End PBXFileReference section */

/* Begin PBXFrameworksBuildPhase section */
		607FACCD1AFB9204008FA782 /* Frameworks */ = {
			isa = PBXFrameworksBuildPhase;
			buildActionMask = 2147483647;
			files = (
				E4639DBB99F5DB2D7C843E10 /* Pods_LyftSDK_Example.framework in Frameworks */,
			);
			runOnlyForDeploymentPostprocessing = 0;
		};
		607FACE21AFB9204008FA782 /* Frameworks */ = {
			isa = PBXFrameworksBuildPhase;
			buildActionMask = 2147483647;
			files = (
				6FFF30BC27E33F50C9294014 /* Pods_LyftSDK_Tests.framework in Frameworks */,
			);
			runOnlyForDeploymentPostprocessing = 0;
		};
/* End PBXFrameworksBuildPhase section */

/* Begin PBXGroup section */
		2BDBBCA3A0F4621F0C800F87 /* Frameworks */ = {
			isa = PBXGroup;
			children = (
				3D4620C8F7F8A7EF23A8881C /* Pods_LyftSDK_Example.framework */,
				0CAC43846D5CAFBF3F93FA6B /* Pods_LyftSDK_Tests.framework */,
			);
			name = Frameworks;
			sourceTree = "<group>";
		};
		607FACC71AFB9204008FA782 = {
			isa = PBXGroup;
			children = (
				607FACF51AFB993E008FA782 /* Podspec Metadata */,
				607FACD21AFB9204008FA782 /* Example for LyftSDK */,
				607FACE81AFB9204008FA782 /* Tests */,
				607FACD11AFB9204008FA782 /* Products */,
				DBEB676CC3FEB1550FA740D2 /* Pods */,
				2BDBBCA3A0F4621F0C800F87 /* Frameworks */,
			);
			sourceTree = "<group>";
		};
		607FACD11AFB9204008FA782 /* Products */ = {
			isa = PBXGroup;
			children = (
				607FACD01AFB9204008FA782 /* LyftSDK_Example.app */,
				607FACE51AFB9204008FA782 /* LyftSDK_Tests.xctest */,
			);
			name = Products;
			sourceTree = "<group>";
		};
		607FACD21AFB9204008FA782 /* Example for LyftSDK */ = {
			isa = PBXGroup;
			children = (
				FBCEE3731DC01E4300F68C08 /* Main.storyboard */,
				FBCEE3751DC01E4300F68C08 /* LaunchScreen.xib */,
				FBCEE36A1DC01DFA00F68C08 /* AppDelegate.swift */,
				FBCEE36B1DC01DFA00F68C08 /* ViewController.swift */,
				FBCEE36C1DC01DFA00F68C08 /* RideTypesViewController.swift */,
				FBCEE36D1DC01DFA00F68C08 /* Images.xcassets */,
				607FACD31AFB9204008FA782 /* Supporting Files */,
			);
			name = "Example for LyftSDK";
			path = LyftSDK;
			sourceTree = "<group>";
		};
		607FACD31AFB9204008FA782 /* Supporting Files */ = {
			isa = PBXGroup;
			children = (
				FBCEE3691DC01DFA00F68C08 /* Info.plist */,
			);
			name = "Supporting Files";
			sourceTree = "<group>";
		};
		607FACE81AFB9204008FA782 /* Tests */ = {
			isa = PBXGroup;
			children = (
				FB12B53C1DAEF946000439B6 /* LyftAPI */,
				FB63EAB11DB0303100D7EE7E /* LyftModels */,
				FB63EAB21DB0303100D7EE7E /* LyftUI */,
				607FACE91AFB9204008FA782 /* Supporting Files */,
			);
			path = Tests;
			sourceTree = "<group>";
		};
		607FACE91AFB9204008FA782 /* Supporting Files */ = {
			isa = PBXGroup;
			children = (
				607FACEA1AFB9204008FA782 /* Info.plist */,
			);
			name = "Supporting Files";
			sourceTree = "<group>";
		};
		607FACF51AFB993E008FA782 /* Podspec Metadata */ = {
			isa = PBXGroup;
			children = (
				73AAA64BF20BAB5752EABEFA /* LyftSDK.podspec */,
				377CA6AD0C5A719CFF7CB527 /* README.md */,
				C9835B79E5CF0656ECEEC15A /* LICENSE */,
			);
			name = "Podspec Metadata";
			sourceTree = "<group>";
		};
		DBEB676CC3FEB1550FA740D2 /* Pods */ = {
			isa = PBXGroup;
			children = (
				2263ADA8BDB8631622F627A7 /* Pods-LyftSDK_Example.debug.xcconfig */,
				6829CC196E8C2CA1537DE07F /* Pods-LyftSDK_Example.release.xcconfig */,
				5A57DCDABAE4337E290B7376 /* Pods-LyftSDK_Tests.debug.xcconfig */,
				784B9C8BF62374FDD0EB3ACD /* Pods-LyftSDK_Tests.release.xcconfig */,
			);
			name = Pods;
			sourceTree = "<group>";
		};
		FB12B53C1DAEF946000439B6 /* LyftAPI */ = {
			isa = PBXGroup;
			children = (
				FB1D77341DB5B33500396A50 /* ResponseObjects */,
				FB12B53F1DAEFE93000439B6 /* HTTPClientTests.swift */,
				FB1D77261DB580AC00396A50 /* LyftAPITests.swift */,
			);
			path = LyftAPI;
			sourceTree = "<group>";
		};
		FB1D77341DB5B33500396A50 /* ResponseObjects */ = {
			isa = PBXGroup;
			children = (
				FB1D77351DB5B33500396A50 /* Cost.response */,
				FB1D77361DB5B33500396A50 /* CostSingleLocation.response */,
				FB1D77371DB5B33500396A50 /* Error.response */,
				FB1D77381DB5B33500396A50 /* ETA.response */,
				FB1D77391DB5B33500396A50 /* NearbyDrivers.response */,
				FB1D773A1DB5B33500396A50 /* RideType.response */,
			);
			path = ResponseObjects;
			sourceTree = "<group>";
		};
		FB63EAB11DB0303100D7EE7E /* LyftModels */ = {
			isa = PBXGroup;
			children = (
				FB63EAB61DB031B000D7EE7E /* MoneyTests.swift */,
			);
			path = LyftModels;
			sourceTree = "<group>";
		};
		FB63EAB21DB0303100D7EE7E /* LyftUI */ = {
			isa = PBXGroup;
			children = (
				FB63EAB81DB032A000D7EE7E /* MoneyUITests.swift */,
			);
			path = LyftUI;
			sourceTree = "<group>";
		};
/* End PBXGroup section */

/* Begin PBXNativeTarget section */
		607FACCF1AFB9204008FA782 /* LyftSDK_Example */ = {
			isa = PBXNativeTarget;
			buildConfigurationList = 607FACEF1AFB9204008FA782 /* Build configuration list for PBXNativeTarget "LyftSDK_Example" */;
			buildPhases = (
				EDFF8331686A9D8EB234AA01 /* [CP] Check Pods Manifest.lock */,
				607FACCC1AFB9204008FA782 /* Sources */,
				607FACCD1AFB9204008FA782 /* Frameworks */,
				607FACCE1AFB9204008FA782 /* Resources */,
				523277F8C9FFC4BDB0B7EF04 /* [CP] Embed Pods Frameworks */,
				2602E9C37C84015FACA5389B /* [CP] Copy Pods Resources */,
				714F42731D909777008D18C2 /* ShellScript */,
			);
			buildRules = (
			);
			dependencies = (
			);
			name = LyftSDK_Example;
			productName = LyftSDK;
			productReference = 607FACD01AFB9204008FA782 /* LyftSDK_Example.app */;
			productType = "com.apple.product-type.application";
		};
		607FACE41AFB9204008FA782 /* LyftSDK_Tests */ = {
			isa = PBXNativeTarget;
			buildConfigurationList = 607FACF21AFB9204008FA782 /* Build configuration list for PBXNativeTarget "LyftSDK_Tests" */;
			buildPhases = (
				E68E25157A737C94EACD0B65 /* [CP] Check Pods Manifest.lock */,
				607FACE11AFB9204008FA782 /* Sources */,
				607FACE21AFB9204008FA782 /* Frameworks */,
				607FACE31AFB9204008FA782 /* Resources */,
				6F635CB291ADB2AB2E1C07CA /* [CP] Embed Pods Frameworks */,
				F8F46C13B54B2D697427EA01 /* [CP] Copy Pods Resources */,
				710F44BE1D90981200915DA8 /* ShellScript */,
			);
			buildRules = (
			);
			dependencies = (
				607FACE71AFB9204008FA782 /* PBXTargetDependency */,
			);
			name = LyftSDK_Tests;
			productName = Tests;
			productReference = 607FACE51AFB9204008FA782 /* LyftSDK_Tests.xctest */;
			productType = "com.apple.product-type.bundle.unit-test";
		};
/* End PBXNativeTarget section */

/* Begin PBXProject section */
		607FACC81AFB9204008FA782 /* Project object */ = {
			isa = PBXProject;
			attributes = {
				LastSwiftUpdateCheck = 0720;
				LastUpgradeCheck = 0720;
				ORGANIZATIONNAME = CocoaPods;
				TargetAttributes = {
					607FACCF1AFB9204008FA782 = {
						CreatedOnToolsVersion = 6.3.1;
						LastSwiftMigration = 0800;
					};
					607FACE41AFB9204008FA782 = {
						CreatedOnToolsVersion = 6.3.1;
						LastSwiftMigration = 0800;
						TestTargetID = 607FACCF1AFB9204008FA782;
					};
				};
			};
			buildConfigurationList = 607FACCB1AFB9204008FA782 /* Build configuration list for PBXProject "LyftSDK-Example" */;
			compatibilityVersion = "Xcode 3.2";
			developmentRegion = English;
			hasScannedForEncodings = 0;
			knownRegions = (
				en,
				Base,
			);
			mainGroup = 607FACC71AFB9204008FA782;
			productRefGroup = 607FACD11AFB9204008FA782 /* Products */;
			projectDirPath = "";
			projectRoot = "";
			targets = (
				607FACCF1AFB9204008FA782 /* LyftSDK_Example */,
				607FACE41AFB9204008FA782 /* LyftSDK_Tests */,
			);
		};
/* End PBXProject section */

/* Begin PBXResourcesBuildPhase section */
		607FACCE1AFB9204008FA782 /* Resources */ = {
			isa = PBXResourcesBuildPhase;
			buildActionMask = 2147483647;
			files = (
				FBCEE3781DC01E4300F68C08 /* LaunchScreen.xib in Resources */,
				FBCEE3771DC01E4300F68C08 /* Main.storyboard in Resources */,
				FBCEE3721DC01DFA00F68C08 /* Images.xcassets in Resources */,
			);
			runOnlyForDeploymentPostprocessing = 0;
		};
		607FACE31AFB9204008FA782 /* Resources */ = {
			isa = PBXResourcesBuildPhase;
			buildActionMask = 2147483647;
			files = (
				FB1D77401DB5B33500396A50 /* RideType.response in Resources */,
				FB1D773C1DB5B33500396A50 /* CostSingleLocation.response in Resources */,
				FB1D773D1DB5B33500396A50 /* Error.response in Resources */,
				FB1D773B1DB5B33500396A50 /* Cost.response in Resources */,
				FB1D773F1DB5B33500396A50 /* NearbyDrivers.response in Resources */,
				FB1D773E1DB5B33500396A50 /* ETA.response in Resources */,
			);
			runOnlyForDeploymentPostprocessing = 0;
		};
/* End PBXResourcesBuildPhase section */

/* Begin PBXShellScriptBuildPhase section */
		2602E9C37C84015FACA5389B /* [CP] Copy Pods Resources */ = {
			isa = PBXShellScriptBuildPhase;
			buildActionMask = 2147483647;
			files = (
			);
			inputPaths = (
			);
			name = "[CP] Copy Pods Resources";
			outputPaths = (
			);
			runOnlyForDeploymentPostprocessing = 0;
			shellPath = /bin/sh;
			shellScript = "\"${SRCROOT}/Pods/Target Support Files/Pods-LyftSDK_Example/Pods-LyftSDK_Example-resources.sh\"\n";
			showEnvVarsInLog = 0;
		};
		523277F8C9FFC4BDB0B7EF04 /* [CP] Embed Pods Frameworks */ = {
			isa = PBXShellScriptBuildPhase;
			buildActionMask = 2147483647;
			files = (
			);
			inputPaths = (
			);
			name = "[CP] Embed Pods Frameworks";
			outputPaths = (
			);
			runOnlyForDeploymentPostprocessing = 0;
			shellPath = /bin/sh;
			shellScript = "\"${SRCROOT}/Pods/Target Support Files/Pods-LyftSDK_Example/Pods-LyftSDK_Example-frameworks.sh\"\n";
			showEnvVarsInLog = 0;
		};
		6F635CB291ADB2AB2E1C07CA /* [CP] Embed Pods Frameworks */ = {
			isa = PBXShellScriptBuildPhase;
			buildActionMask = 2147483647;
			files = (
			);
			inputPaths = (
			);
			name = "[CP] Embed Pods Frameworks";
			outputPaths = (
			);
			runOnlyForDeploymentPostprocessing = 0;
			shellPath = /bin/sh;
			shellScript = "\"${SRCROOT}/Pods/Target Support Files/Pods-LyftSDK_Tests/Pods-LyftSDK_Tests-frameworks.sh\"\n";
			showEnvVarsInLog = 0;
		};
		710F44BE1D90981200915DA8 /* ShellScript */ = {
			isa = PBXShellScriptBuildPhase;
			buildActionMask = 2147483647;
			files = (
			);
			inputPaths = (
			);
			outputPaths = (
			);
			runOnlyForDeploymentPostprocessing = 0;
			shellPath = /bin/sh;
			shellScript = "if which swiftlint >/dev/null; then\n    cd ${SRCROOT}/../\n    swiftlint\nelse\n    echo \"warning: SwiftLint not installed, download from https://github.com/realm/SwiftLint\"\nfi";
		};
		714F42731D909777008D18C2 /* ShellScript */ = {
			isa = PBXShellScriptBuildPhase;
			buildActionMask = 2147483647;
			files = (
			);
			inputPaths = (
			);
			outputPaths = (
			);
			runOnlyForDeploymentPostprocessing = 0;
			shellPath = /bin/sh;
			shellScript = "if which swiftlint >/dev/null; then\n    cd ${SRCROOT}/../\n    swiftlint\nelse\n    echo \"warning: SwiftLint not installed, download from https://github.com/realm/SwiftLint\"\nfi";
		};
		E68E25157A737C94EACD0B65 /* [CP] Check Pods Manifest.lock */ = {
			isa = PBXShellScriptBuildPhase;
			buildActionMask = 2147483647;
			files = (
			);
			inputPaths = (
			);
			name = "[CP] Check Pods Manifest.lock";
			outputPaths = (
			);
			runOnlyForDeploymentPostprocessing = 0;
			shellPath = /bin/sh;
			shellScript = "diff \"${PODS_ROOT}/../Podfile.lock\" \"${PODS_ROOT}/Manifest.lock\" > /dev/null\nif [ $? != 0 ] ; then\n    # print error to STDERR\n    echo \"error: The sandbox is not in sync with the Podfile.lock. Run 'pod install' or update your CocoaPods installation.\" >&2\n    exit 1\nfi\n";
			showEnvVarsInLog = 0;
		};
		EDFF8331686A9D8EB234AA01 /* [CP] Check Pods Manifest.lock */ = {
			isa = PBXShellScriptBuildPhase;
			buildActionMask = 2147483647;
			files = (
			);
			inputPaths = (
			);
			name = "[CP] Check Pods Manifest.lock";
			outputPaths = (
			);
			runOnlyForDeploymentPostprocessing = 0;
			shellPath = /bin/sh;
			shellScript = "diff \"${PODS_ROOT}/../Podfile.lock\" \"${PODS_ROOT}/Manifest.lock\" > /dev/null\nif [ $? != 0 ] ; then\n    # print error to STDERR\n    echo \"error: The sandbox is not in sync with the Podfile.lock. Run 'pod install' or update your CocoaPods installation.\" >&2\n    exit 1\nfi\n";
			showEnvVarsInLog = 0;
		};
		F8F46C13B54B2D697427EA01 /* [CP] Copy Pods Resources */ = {
			isa = PBXShellScriptBuildPhase;
			buildActionMask = 2147483647;
			files = (
			);
			inputPaths = (
			);
			name = "[CP] Copy Pods Resources";
			outputPaths = (
			);
			runOnlyForDeploymentPostprocessing = 0;
			shellPath = /bin/sh;
			shellScript = "\"${SRCROOT}/Pods/Target Support Files/Pods-LyftSDK_Tests/Pods-LyftSDK_Tests-resources.sh\"\n";
			showEnvVarsInLog = 0;
		};
/* End PBXShellScriptBuildPhase section */

/* Begin PBXSourcesBuildPhase section */
		607FACCC1AFB9204008FA782 /* Sources */ = {
			isa = PBXSourcesBuildPhase;
			buildActionMask = 2147483647;
			files = (
				FBCEE3701DC01DFA00F68C08 /* ViewController.swift in Sources */,
				FBCEE36F1DC01DFA00F68C08 /* AppDelegate.swift in Sources */,
				FBCEE3711DC01DFA00F68C08 /* RideTypesViewController.swift in Sources */,
			);
			runOnlyForDeploymentPostprocessing = 0;
		};
		607FACE11AFB9204008FA782 /* Sources */ = {
			isa = PBXSourcesBuildPhase;
			buildActionMask = 2147483647;
			files = (
				FB1D77271DB580AC00396A50 /* LyftAPITests.swift in Sources */,
				FB63EABB1DB032AA00D7EE7E /* MoneyUITests.swift in Sources */,
				FB12B5411DAEFE97000439B6 /* HTTPClientTests.swift in Sources */,
				FB63EABA1DB032A600D7EE7E /* MoneyTests.swift in Sources */,
			);
			runOnlyForDeploymentPostprocessing = 0;
		};
/* End PBXSourcesBuildPhase section */

/* Begin PBXTargetDependency section */
		607FACE71AFB9204008FA782 /* PBXTargetDependency */ = {
			isa = PBXTargetDependency;
			target = 607FACCF1AFB9204008FA782 /* LyftSDK_Example */;
			targetProxy = 607FACE61AFB9204008FA782 /* PBXContainerItemProxy */;
		};
/* End PBXTargetDependency section */

/* Begin PBXVariantGroup section */
		FBCEE3731DC01E4300F68C08 /* Main.storyboard */ = {
			isa = PBXVariantGroup;
			children = (
				FBCEE3741DC01E4300F68C08 /* Base */,
			);
			name = Main.storyboard;
			sourceTree = "<group>";
		};
		FBCEE3751DC01E4300F68C08 /* LaunchScreen.xib */ = {
			isa = PBXVariantGroup;
			children = (
				FBCEE3761DC01E4300F68C08 /* Base */,
			);
			name = LaunchScreen.xib;
			sourceTree = "<group>";
		};
/* End PBXVariantGroup section */

/* Begin XCBuildConfiguration section */
		607FACED1AFB9204008FA782 /* Debug */ = {
			isa = XCBuildConfiguration;
			buildSettings = {
				ALWAYS_SEARCH_USER_PATHS = NO;
				CLANG_CXX_LANGUAGE_STANDARD = "gnu++0x";
				CLANG_CXX_LIBRARY = "libc++";
				CLANG_ENABLE_MODULES = YES;
				CLANG_ENABLE_OBJC_ARC = YES;
				CLANG_WARN_BOOL_CONVERSION = YES;
				CLANG_WARN_CONSTANT_CONVERSION = YES;
				CLANG_WARN_DIRECT_OBJC_ISA_USAGE = YES_ERROR;
				CLANG_WARN_EMPTY_BODY = YES;
				CLANG_WARN_ENUM_CONVERSION = YES;
				CLANG_WARN_INT_CONVERSION = YES;
				CLANG_WARN_OBJC_ROOT_CLASS = YES_ERROR;
				CLANG_WARN_UNREACHABLE_CODE = YES;
				CLANG_WARN__DUPLICATE_METHOD_MATCH = YES;
				"CODE_SIGN_IDENTITY[sdk=iphoneos*]" = "iPhone Developer";
				COPY_PHASE_STRIP = NO;
				DEBUG_INFORMATION_FORMAT = "dwarf-with-dsym";
				ENABLE_STRICT_OBJC_MSGSEND = YES;
				ENABLE_TESTABILITY = YES;
				GCC_C_LANGUAGE_STANDARD = gnu99;
				GCC_DYNAMIC_NO_PIC = NO;
				GCC_NO_COMMON_BLOCKS = YES;
				GCC_OPTIMIZATION_LEVEL = 0;
				GCC_PREPROCESSOR_DEFINITIONS = (
					"DEBUG=1",
					"$(inherited)",
				);
				GCC_SYMBOLS_PRIVATE_EXTERN = NO;
				GCC_WARN_64_TO_32_BIT_CONVERSION = YES;
				GCC_WARN_ABOUT_RETURN_TYPE = YES_ERROR;
				GCC_WARN_UNDECLARED_SELECTOR = YES;
				GCC_WARN_UNINITIALIZED_AUTOS = YES_AGGRESSIVE;
				GCC_WARN_UNUSED_FUNCTION = YES;
				GCC_WARN_UNUSED_VARIABLE = YES;
				IPHONEOS_DEPLOYMENT_TARGET = 8.3;
				MTL_ENABLE_DEBUG_INFO = YES;
				ONLY_ACTIVE_ARCH = YES;
				SDKROOT = iphoneos;
				SWIFT_OPTIMIZATION_LEVEL = "-Onone";
			};
			name = Debug;
		};
		607FACEE1AFB9204008FA782 /* Release */ = {
			isa = XCBuildConfiguration;
			buildSettings = {
				ALWAYS_SEARCH_USER_PATHS = NO;
				CLANG_CXX_LANGUAGE_STANDARD = "gnu++0x";
				CLANG_CXX_LIBRARY = "libc++";
				CLANG_ENABLE_MODULES = YES;
				CLANG_ENABLE_OBJC_ARC = YES;
				CLANG_WARN_BOOL_CONVERSION = YES;
				CLANG_WARN_CONSTANT_CONVERSION = YES;
				CLANG_WARN_DIRECT_OBJC_ISA_USAGE = YES_ERROR;
				CLANG_WARN_EMPTY_BODY = YES;
				CLANG_WARN_ENUM_CONVERSION = YES;
				CLANG_WARN_INT_CONVERSION = YES;
				CLANG_WARN_OBJC_ROOT_CLASS = YES_ERROR;
				CLANG_WARN_UNREACHABLE_CODE = YES;
				CLANG_WARN__DUPLICATE_METHOD_MATCH = YES;
				"CODE_SIGN_IDENTITY[sdk=iphoneos*]" = "iPhone Developer";
				COPY_PHASE_STRIP = NO;
				DEBUG_INFORMATION_FORMAT = "dwarf-with-dsym";
				ENABLE_NS_ASSERTIONS = NO;
				ENABLE_STRICT_OBJC_MSGSEND = YES;
				GCC_C_LANGUAGE_STANDARD = gnu99;
				GCC_NO_COMMON_BLOCKS = YES;
				GCC_WARN_64_TO_32_BIT_CONVERSION = YES;
				GCC_WARN_ABOUT_RETURN_TYPE = YES_ERROR;
				GCC_WARN_UNDECLARED_SELECTOR = YES;
				GCC_WARN_UNINITIALIZED_AUTOS = YES_AGGRESSIVE;
				GCC_WARN_UNUSED_FUNCTION = YES;
				GCC_WARN_UNUSED_VARIABLE = YES;
				IPHONEOS_DEPLOYMENT_TARGET = 8.3;
				MTL_ENABLE_DEBUG_INFO = NO;
				SDKROOT = iphoneos;
				VALIDATE_PRODUCT = YES;
			};
			name = Release;
		};
		607FACF01AFB9204008FA782 /* Debug */ = {
			isa = XCBuildConfiguration;
			baseConfigurationReference = 2263ADA8BDB8631622F627A7 /* Pods-LyftSDK_Example.debug.xcconfig */;
			buildSettings = {
				ASSETCATALOG_COMPILER_APPICON_NAME = AppIcon;
				INFOPLIST_FILE = "$(SRCROOT)/LyftSDK-Example/Info.plist";
				IPHONEOS_DEPLOYMENT_TARGET = 9.0;
				LD_RUNPATH_SEARCH_PATHS = "$(inherited) @executable_path/Frameworks";
				MODULE_NAME = ExampleApp;
				PRODUCT_BUNDLE_IDENTIFIER = "org.cocoapods.demo.$(PRODUCT_NAME:rfc1034identifier)";
				PRODUCT_NAME = "$(TARGET_NAME)";
				SWIFT_VERSION = 3.0;
			};
			name = Debug;
		};
		607FACF11AFB9204008FA782 /* Release */ = {
			isa = XCBuildConfiguration;
			baseConfigurationReference = 6829CC196E8C2CA1537DE07F /* Pods-LyftSDK_Example.release.xcconfig */;
			buildSettings = {
				ASSETCATALOG_COMPILER_APPICON_NAME = AppIcon;
				INFOPLIST_FILE = "$(SRCROOT)/LyftSDK-Example/Info.plist";
				IPHONEOS_DEPLOYMENT_TARGET = 9.0;
				LD_RUNPATH_SEARCH_PATHS = "$(inherited) @executable_path/Frameworks";
				MODULE_NAME = ExampleApp;
				PRODUCT_BUNDLE_IDENTIFIER = "org.cocoapods.demo.$(PRODUCT_NAME:rfc1034identifier)";
				PRODUCT_NAME = "$(TARGET_NAME)";
				SWIFT_VERSION = 3.0;
			};
			name = Release;
		};
		607FACF31AFB9204008FA782 /* Debug */ = {
			isa = XCBuildConfiguration;
			baseConfigurationReference = 5A57DCDABAE4337E290B7376 /* Pods-LyftSDK_Tests.debug.xcconfig */;
			buildSettings = {
				GCC_PREPROCESSOR_DEFINITIONS = (
					"DEBUG=1",
					"$(inherited)",
				);
				INFOPLIST_FILE = Tests/Info.plist;
				IPHONEOS_DEPLOYMENT_TARGET = 10.0;
				LD_RUNPATH_SEARCH_PATHS = "$(inherited) @executable_path/Frameworks @loader_path/Frameworks $(FRAMEWORK_SEARCH_PATHS)";
				ONLY_ACTIVE_ARCH = YES;
				PRODUCT_BUNDLE_IDENTIFIER = "org.cocoapods.$(PRODUCT_NAME:rfc1034identifier)";
				PRODUCT_NAME = "$(TARGET_NAME)";
				SWIFT_VERSION = 3.0;
				TEST_HOST = "$(BUILT_PRODUCTS_DIR)/LyftSDK_Example.app/LyftSDK_Example";
			};
			name = Debug;
		};
		607FACF41AFB9204008FA782 /* Release */ = {
			isa = XCBuildConfiguration;
			baseConfigurationReference = 784B9C8BF62374FDD0EB3ACD /* Pods-LyftSDK_Tests.release.xcconfig */;
			buildSettings = {
				INFOPLIST_FILE = Tests/Info.plist;
				IPHONEOS_DEPLOYMENT_TARGET = 10.0;
				LD_RUNPATH_SEARCH_PATHS = "$(inherited) @executable_path/Frameworks @loader_path/Frameworks $(FRAMEWORK_SEARCH_PATHS)";
				ONLY_ACTIVE_ARCH = YES;
				PRODUCT_BUNDLE_IDENTIFIER = "org.cocoapods.$(PRODUCT_NAME:rfc1034identifier)";
				PRODUCT_NAME = "$(TARGET_NAME)";
				SWIFT_VERSION = 3.0;
				TEST_HOST = "$(BUILT_PRODUCTS_DIR)/LyftSDK_Example.app/LyftSDK_Example";
			};
			name = Release;
		};
/* End XCBuildConfiguration section */

/* Begin XCConfigurationList section */
		607FACCB1AFB9204008FA782 /* Build configuration list for PBXProject "LyftSDK-Example" */ = {
			isa = XCConfigurationList;
			buildConfigurations = (
				607FACED1AFB9204008FA782 /* Debug */,
				607FACEE1AFB9204008FA782 /* Release */,
			);
			defaultConfigurationIsVisible = 0;
			defaultConfigurationName = Release;
		};
		607FACEF1AFB9204008FA782 /* Build configuration list for PBXNativeTarget "LyftSDK_Example" */ = {
			isa = XCConfigurationList;
			buildConfigurations = (
				607FACF01AFB9204008FA782 /* Debug */,
				607FACF11AFB9204008FA782 /* Release */,
			);
			defaultConfigurationIsVisible = 0;
			defaultConfigurationName = Release;
		};
		607FACF21AFB9204008FA782 /* Build configuration list for PBXNativeTarget "LyftSDK_Tests" */ = {
			isa = XCConfigurationList;
			buildConfigurations = (
				607FACF31AFB9204008FA782 /* Debug */,
				607FACF41AFB9204008FA782 /* Release */,
			);
			defaultConfigurationIsVisible = 0;
			defaultConfigurationName = Release;
		};
/* End XCConfigurationList section */
	};
	rootObject = 607FACC81AFB9204008FA782 /* Project object */;
}
